
Microsoft Visual Studio Solution File, Format Version 12.00
# Visual Studio Version 17
VisualStudioVersion = 17.9.34701.34
MinimumVisualStudioVersion = 10.0.40219.1
Project("{FAE04EC0-301F-11D3-BF4B-00C04F79EFBC}") = "Comp003B.Assigment2.", "..\Comp003B.Assigment2\Comp003B.Assigment2\Comp003B.Assigment2..csproj", "{ED6B3FFA-C530-4D09-8CBD-B54927966333}"
EndProject
Global
	GlobalSection(SolutionConfigurationPlatforms) = preSolution
		Debug|Any CPU = Debug|Any CPU
		Release|Any CPU = Release|Any CPU
	EndGlobalSection
	GlobalSection(ProjectConfigurationPlatforms) = postSolution
		{ED6B3FFA-C530-4D09-8CBD-B54927966333}.Debug|Any CPU.ActiveCfg = Debug|Any CPU
		{ED6B3FFA-C530-4D09-8CBD-B54927966333}.Debug|Any CPU.Build.0 = Debug|Any CPU
		{ED6B3FFA-C530-4D09-8CBD-B54927966333}.Release|Any CPU.ActiveCfg = Release|Any CPU
		{ED6B3FFA-C530-4D09-8CBD-B54927966333}.Release|Any CPU.Build.0 = Release|Any CPU
	EndGlobalSection
	GlobalSection(SolutionProperties) = preSolution
		HideSolutionNode = FALSE
	EndGlobalSection
	GlobalSection(ExtensibilityGlobals) = postSolution
		SolutionGuid = {AB96D762-4F5A-46D9-BF7B-0F478B2ABF8A}
	EndGlobalSection
EndGlobal
